// !$*UTF8*$!
{
	archiveVersion = 1;
	classes = {
	};
	objectVersion = 50;
	objects = {

/* Begin PBXBuildFile section */
		2C947BBC2090A53300D8510C /* AppDelegate.swift in Sources */ = {isa = PBXBuildFile; fileRef = 2C947BBB2090A53300D8510C /* AppDelegate.swift */; };
		2C947BBE2090A53300D8510C /* ViewController.swift in Sources */ = {isa = PBXBuildFile; fileRef = 2C947BBD2090A53300D8510C /* ViewController.swift */; };
		2C947BC12090A53300D8510C /* Main.storyboard in Resources */ = {isa = PBXBuildFile; fileRef = 2C947BBF2090A53300D8510C /* Main.storyboard */; };
		2C947BC32090A53400D8510C /* Assets.xcassets in Resources */ = {isa = PBXBuildFile; fileRef = 2C947BC22090A53400D8510C /* Assets.xcassets */; };
		2C947BC62090A53400D8510C /* LaunchScreen.storyboard in Resources */ = {isa = PBXBuildFile; fileRef = 2C947BC42090A53400D8510C /* LaunchScreen.storyboard */; };
		2C947BCE2090A8F100D8510C /* CVPixelBuffer.swift in Sources */ = {isa = PBXBuildFile; fileRef = 2C947BCD2090A8F100D8510C /* CVPixelBuffer.swift */; };
		2C947BD02090A98900D8510C /* GoogLeNetPlaces.mlmodel in Sources */ = {isa = PBXBuildFile; fileRef = 2C947BCF2090A98900D8510C /* GoogLeNetPlaces.mlmodel */; };
		9D185D0F8F2CEA72F0B63187 /* Pods_CoreMLVision.framework in Frameworks */ = {isa = PBXBuildFile; fileRef = 6778A82EDDCD796BC6BC4D77 /* Pods_CoreMLVision.framework */; };
/* End PBXBuildFile section */

/* Begin PBXFileReference section */
		2C947BB82090A53300D8510C /* CoreMLVision.app */ = {isa = PBXFileReference; explicitFileType = wrapper.application; includeInIndex = 0; path = CoreMLVision.app; sourceTree = BUILT_PRODUCTS_DIR; };
		2C947BBB2090A53300D8510C /* AppDelegate.swift */ = {isa = PBXFileReference; lastKnownFileType = sourcecode.swift; path = AppDelegate.swift; sourceTree = "<group>"; };
		2C947BBD2090A53300D8510C /* ViewController.swift */ = {isa = PBXFileReference; lastKnownFileType = sourcecode.swift; path = ViewController.swift; sourceTree = "<group>"; };
		2C947BC02090A53300D8510C /* Base */ = {isa = PBXFileReference; lastKnownFileType = file.storyboard; name = Base; path = Base.lproj/Main.storyboard; sourceTree = "<group>"; };
		2C947BC22090A53400D8510C /* Assets.xcassets */ = {isa = PBXFileReference; lastKnownFileType = folder.assetcatalog; path = Assets.xcassets; sourceTree = "<group>"; };
		2C947BC52090A53400D8510C /* Base */ = {isa = PBXFileReference; lastKnownFileType = file.storyboard; name = Base; path = Base.lproj/LaunchScreen.storyboard; sourceTree = "<group>"; };
		2C947BC72090A53400D8510C /* Info.plist */ = {isa = PBXFileReference; lastKnownFileType = text.plist.xml; path = Info.plist; sourceTree = "<group>"; };
		2C947BCD2090A8F100D8510C /* CVPixelBuffer.swift */ = {isa = PBXFileReference; lastKnownFileType = sourcecode.swift; path = CVPixelBuffer.swift; sourceTree = "<group>"; };
		2C947BCF2090A98900D8510C /* GoogLeNetPlaces.mlmodel */ = {isa = PBXFileReference; lastKnownFileType = file.mlmodel; path = GoogLeNetPlaces.mlmodel; sourceTree = "<group>"; };
		6778A82EDDCD796BC6BC4D77 /* Pods_CoreMLVision.framework */ = {isa = PBXFileReference; explicitFileType = wrapper.framework; includeInIndex = 0; path = Pods_CoreMLVision.framework; sourceTree = BUILT_PRODUCTS_DIR; };
		731E5FBD308444384E4782E8 /* Pods-CoreMLVision.debug.xcconfig */ = {isa = PBXFileReference; includeInIndex = 1; lastKnownFileType = text.xcconfig; name = "Pods-CoreMLVision.debug.xcconfig"; path = "Pods/Target Support Files/Pods-CoreMLVision/Pods-CoreMLVision.debug.xcconfig"; sourceTree = "<group>"; };
		C35E805E20FBBD217E693D2F /* Pods-CoreMLVision.release.xcconfig */ = {isa = PBXFileReference; includeInIndex = 1; lastKnownFileType = text.xcconfig; name = "Pods-CoreMLVision.release.xcconfig"; path = "Pods/Target Support Files/Pods-CoreMLVision/Pods-CoreMLVision.release.xcconfig"; sourceTree = "<group>"; };
/* End PBXFileReference section */

/* Begin PBXFrameworksBuildPhase section */
		2C947BB52090A53300D8510C /* Frameworks */ = {
			isa = PBXFrameworksBuildPhase;
			buildActionMask = 2147483647;
			files = (
				9D185D0F8F2CEA72F0B63187 /* Pods_CoreMLVision.framework in Frameworks */,
			);
			runOnlyForDeploymentPostprocessing = 0;
		};
/* End PBXFrameworksBuildPhase section */

/* Begin PBXGroup section */
		2C947BAF2090A53300D8510C = {
			isa = PBXGroup;
			children = (
				2C947BBA2090A53300D8510C /* CoreMLVision */,
				2C947BB92090A53300D8510C /* Products */,
				3384009CF1A08D287DDA9E70 /* Pods */,
				38756DD5FB8B1F15460C9FE5 /* Frameworks */,
			);
			sourceTree = "<group>";
		};
		2C947BB92090A53300D8510C /* Products */ = {
			isa = PBXGroup;
			children = (
				2C947BB82090A53300D8510C /* CoreMLVision.app */,
			);
			name = Products;
			sourceTree = "<group>";
		};
		2C947BBA2090A53300D8510C /* CoreMLVision */ = {
			isa = PBXGroup;
			children = (
				2C947BBB2090A53300D8510C /* AppDelegate.swift */,
				2C947BBD2090A53300D8510C /* ViewController.swift */,
				2C947BBF2090A53300D8510C /* Main.storyboard */,
				2C947BC22090A53400D8510C /* Assets.xcassets */,
				2C947BCF2090A98900D8510C /* GoogLeNetPlaces.mlmodel */,
				2C947BC42090A53400D8510C /* LaunchScreen.storyboard */,
				2C947BC72090A53400D8510C /* Info.plist */,
				2C947BCD2090A8F100D8510C /* CVPixelBuffer.swift */,
			);
			path = CoreMLVision;
			sourceTree = "<group>";
		};
		3384009CF1A08D287DDA9E70 /* Pods */ = {
			isa = PBXGroup;
			children = (
				731E5FBD308444384E4782E8 /* Pods-CoreMLVision.debug.xcconfig */,
				C35E805E20FBBD217E693D2F /* Pods-CoreMLVision.release.xcconfig */,
			);
			name = Pods;
			sourceTree = "<group>";
		};
		38756DD5FB8B1F15460C9FE5 /* Frameworks */ = {
			isa = PBXGroup;
			children = (
				6778A82EDDCD796BC6BC4D77 /* Pods_CoreMLVision.framework */,
			);
			name = Frameworks;
			sourceTree = "<group>";
		};
/* End PBXGroup section */

/* Begin PBXNativeTarget section */
		2C947BB72090A53300D8510C /* CoreMLVision */ = {
			isa = PBXNativeTarget;
			buildConfigurationList = 2C947BCA2090A53400D8510C /* Build configuration list for PBXNativeTarget "CoreMLVision" */;
			buildPhases = (
				0316836B416DAD1D30DD109A /* [CP] Check Pods Manifest.lock */,
				2C947BB42090A53300D8510C /* Sources */,
				2C947BB52090A53300D8510C /* Frameworks */,
				2C947BB62090A53300D8510C /* Resources */,
				A0BD21B8099D3F1DADA1ABB4 /* [CP] Embed Pods Frameworks */,
			);
			buildRules = (
			);
			dependencies = (
			);
			name = CoreMLVision;
			productName = CoreMLVision;
			productReference = 2C947BB82090A53300D8510C /* CoreMLVision.app */;
			productType = "com.apple.product-type.application";
		};
/* End PBXNativeTarget section */

/* Begin PBXProject section */
		2C947BB02090A53300D8510C /* Project object */ = {
			isa = PBXProject;
			attributes = {
				LastSwiftUpdateCheck = 0930;
				LastUpgradeCheck = 0930;
				ORGANIZATIONNAME = Push_Parn;
				TargetAttributes = {
					2C947BB72090A53300D8510C = {
						CreatedOnToolsVersion = 9.3;
					};
				};
			};
			buildConfigurationList = 2C947BB32090A53300D8510C /* Build configuration list for PBXProject "CoreMLVision" */;
			compatibilityVersion = "Xcode 9.3";
			developmentRegion = en;
			hasScannedForEncodings = 0;
			knownRegions = (
				en,
				Base,
			);
			mainGroup = 2C947BAF2090A53300D8510C;
			productRefGroup = 2C947BB92090A53300D8510C /* Products */;
			projectDirPath = "";
			projectRoot = "";
			targets = (
				2C947BB72090A53300D8510C /* CoreMLVision */,
			);
		};
/* End PBXProject section */

/* Begin PBXResourcesBuildPhase section */
		2C947BB62090A53300D8510C /* Resources */ = {
			isa = PBXResourcesBuildPhase;
			buildActionMask = 2147483647;
			files = (
				2C947BC62090A53400D8510C /* LaunchScreen.storyboard in Resources */,
				2C947BC32090A53400D8510C /* Assets.xcassets in Resources */,
				2C947BC12090A53300D8510C /* Main.storyboard in Resources */,
			);
			runOnlyForDeploymentPostprocessing = 0;
		};
/* End PBXResourcesBuildPhase section */

/* Begin PBXShellScriptBuildPhase section */
		0316836B416DAD1D30DD109A /* [CP] Check Pods Manifest.lock */ = {
			isa = PBXShellScriptBuildPhase;
			buildActionMask = 2147483647;
			files = (
			);
			inputPaths = (
				"${PODS_PODFILE_DIR_PATH}/Podfile.lock",
				"${PODS_ROOT}/Manifest.lock",
			);
			name = "[CP] Check Pods Manifest.lock";
			outputPaths = (
				"$(DERIVED_FILE_DIR)/Pods-CoreMLVision-checkManifestLockResult.txt",
			);
			runOnlyForDeploymentPostprocessing = 0;
			shellPath = /bin/sh;
			shellScript = "diff \"${PODS_PODFILE_DIR_PATH}/Podfile.lock\" \"${PODS_ROOT}/Manifest.lock\" > /dev/null\nif [ $? != 0 ] ; then\n    # print error to STDERR\n    echo \"error: The sandbox is not in sync with the Podfile.lock. Run 'pod install' or update your CocoaPods installation.\" >&2\n    exit 1\nfi\n# This output is used by Xcode 'outputs' to avoid re-running this script phase.\necho \"SUCCESS\" > \"${SCRIPT_OUTPUT_FILE_0}\"\n";
			showEnvVarsInLog = 0;
		};
		A0BD21B8099D3F1DADA1ABB4 /* [CP] Embed Pods Frameworks */ = {
			isa = PBXShellScriptBuildPhase;
			buildActionMask = 2147483647;
			files = (
			);
			inputPaths = (
				"${SRCROOT}/Pods/Target Support Files/Pods-CoreMLVision/Pods-CoreMLVision-frameworks.sh",
				"${BUILT_PRODUCTS_DIR}/Alamofire/Alamofire.framework",
				"${BUILT_PRODUCTS_DIR}/AlamofireImage/AlamofireImage.framework",
			);
			name = "[CP] Embed Pods Frameworks";
			outputPaths = (
				"${TARGET_BUILD_DIR}/${FRAMEWORKS_FOLDER_PATH}/Alamofire.framework",
				"${TARGET_BUILD_DIR}/${FRAMEWORKS_FOLDER_PATH}/AlamofireImage.framework",
			);
			runOnlyForDeploymentPostprocessing = 0;
			shellPath = /bin/sh;
			shellScript = "\"${SRCROOT}/Pods/Target Support Files/Pods-CoreMLVision/Pods-CoreMLVision-frameworks.sh\"\n";
			showEnvVarsInLog = 0;
		};
/* End PBXShellScriptBuildPhase section */

/* Begin PBXSourcesBuildPhase section */
		2C947BB42090A53300D8510C /* Sources */ = {
			isa = PBXSourcesBuildPhase;
			buildActionMask = 2147483647;
			files = (
				2C947BBE2090A53300D8510C /* ViewController.swift in Sources */,
				2C947BCE2090A8F100D8510C /* CVPixelBuffer.swift in Sources */,
				2C947BBC2090A53300D8510C /* AppDelegate.swift in Sources */,
				2C947BD02090A98900D8510C /* GoogLeNetPlaces.mlmodel in Sources */,
			);
			runOnlyForDeploymentPostprocessing = 0;
		};
/* End PBXSourcesBuildPhase section */

/* Begin PBXVariantGroup section */
		2C947BBF2090A53300D8510C /* Main.storyboard */ = {
			isa = PBXVariantGroup;
			children = (
				2C947BC02090A53300D8510C /* Base */,
			);
			name = Main.storyboard;
			sourceTree = "<group>";
		};
		2C947BC42090A53400D8510C /* LaunchScreen.storyboard */ = {
			isa = PBXVariantGroup;
			children = (
				2C947BC52090A53400D8510C /* Base */,
			);
			name = LaunchScreen.storyboard;
			sourceTree = "<group>";
		};
/* End PBXVariantGroup section */

/* Begin XCBuildConfiguration section */
		2C947BC82090A53400D8510C /* Debug */ = {
			isa = XCBuildConfiguration;
			buildSettings = {
				ALWAYS_SEARCH_USER_PATHS = NO;
				CLANG_ANALYZER_NONNULL = YES;
				CLANG_ANALYZER_NUMBER_OBJECT_CONVERSION = YES_AGGRESSIVE;
				CLANG_CXX_LANGUAGE_STANDARD = "gnu++14";
				CLANG_CXX_LIBRARY = "libc++";
				CLANG_ENABLE_MODULES = YES;
				CLANG_ENABLE_OBJC_ARC = YES;
				CLANG_ENABLE_OBJC_WEAK = YES;
				CLANG_WARN_BLOCK_CAPTURE_AUTORELEASING = YES;
				CLANG_WARN_BOOL_CONVERSION = YES;
				CLANG_WARN_COMMA = YES;
				CLANG_WARN_CONSTANT_CONVERSION = YES;
				CLANG_WARN_DEPRECATED_OBJC_IMPLEMENTATIONS = YES;
				CLANG_WARN_DIRECT_OBJC_ISA_USAGE = YES_ERROR;
				CLANG_WARN_DOCUMENTATION_COMMENTS = YES;
				CLANG_WARN_EMPTY_BODY = YES;
				CLANG_WARN_ENUM_CONVERSION = YES;
				CLANG_WARN_INFINITE_RECURSION = YES;
				CLANG_WARN_INT_CONVERSION = YES;
				CLANG_WARN_NON_LITERAL_NULL_CONVERSION = YES;
				CLANG_WARN_OBJC_IMPLICIT_RETAIN_SELF = YES;
				CLANG_WARN_OBJC_LITERAL_CONVERSION = YES;
				CLANG_WARN_OBJC_ROOT_CLASS = YES_ERROR;
				CLANG_WARN_RANGE_LOOP_ANALYSIS = YES;
				CLANG_WARN_STRICT_PROTOTYPES = YES;
				CLANG_WARN_SUSPICIOUS_MOVE = YES;
				CLANG_WARN_UNGUARDED_AVAILABILITY = YES_AGGRESSIVE;
				CLANG_WARN_UNREACHABLE_CODE = YES;
				CLANG_WARN__DUPLICATE_METHOD_MATCH = YES;
				CODE_SIGN_IDENTITY = "iPhone Developer";
				COPY_PHASE_STRIP = NO;
				DEBUG_INFORMATION_FORMAT = dwarf;
				ENABLE_STRICT_OBJC_MSGSEND = YES;
				ENABLE_TESTABILITY = YES;
				GCC_C_LANGUAGE_STANDARD = gnu11;
				GCC_DYNAMIC_NO_PIC = NO;
				GCC_NO_COMMON_BLOCKS = YES;
				GCC_OPTIMIZATION_LEVEL = 0;
				GCC_PREPROCESSOR_DEFINITIONS = (
					"DEBUG=1",
					"$(inherited)",
				);
				GCC_WARN_64_TO_32_BIT_CONVERSION = YES;
				GCC_WARN_ABOUT_RETURN_TYPE = YES_ERROR;
				GCC_WARN_UNDECLARED_SELECTOR = YES;
				GCC_WARN_UNINITIALIZED_AUTOS = YES_AGGRESSIVE;
				GCC_WARN_UNUSED_FUNCTION = YES;
				GCC_WARN_UNUSED_VARIABLE = YES;
				IPHONEOS_DEPLOYMENT_TARGET = 11.3;
				MTL_ENABLE_DEBUG_INFO = YES;
				ONLY_ACTIVE_ARCH = YES;
				SDKROOT = iphoneos;
				SWIFT_ACTIVE_COMPILATION_CONDITIONS = DEBUG;
				SWIFT_OPTIMIZATION_LEVEL = "-Onone";
			};
			name = Debug;
		};
		2C947BC92090A53400D8510C /* Release */ = {
			isa = XCBuildConfiguration;
			buildSettings = {
				ALWAYS_SEARCH_USER_PATHS = NO;
				CLANG_ANALYZER_NONNULL = YES;
				CLANG_ANALYZER_NUMBER_OBJECT_CONVERSION = YES_AGGRESSIVE;
				CLANG_CXX_LANGUAGE_STANDARD = "gnu++14";
				CLANG_CXX_LIBRARY = "libc++";
				CLANG_ENABLE_MODULES = YES;
				CLANG_ENABLE_OBJC_ARC = YES;
				CLANG_ENABLE_OBJC_WEAK = YES;
				CLANG_WARN_BLOCK_CAPTURE_AUTORELEASING = YES;
				CLANG_WARN_BOOL_CONVERSION = YES;
				CLANG_WARN_COMMA = YES;
				CLANG_WARN_CONSTANT_CONVERSION = YES;
				CLANG_WARN_DEPRECATED_OBJC_IMPLEMENTATIONS = YES;
				CLANG_WARN_DIRECT_OBJC_ISA_USAGE = YES_ERROR;
				CLANG_WARN_DOCUMENTATION_COMMENTS = YES;
				CLANG_WARN_EMPTY_BODY = YES;
				CLANG_WARN_ENUM_CONVERSION = YES;
				CLANG_WARN_INFINITE_RECURSION = YES;
				CLANG_WARN_INT_CONVERSION = YES;
				CLANG_WARN_NON_LITERAL_NULL_CONVERSION = YES;
				CLANG_WARN_OBJC_IMPLICIT_RETAIN_SELF = YES;
				CLANG_WARN_OBJC_LITERAL_CONVERSION = YES;
				CLANG_WARN_OBJC_ROOT_CLASS = YES_ERROR;
				CLANG_WARN_RANGE_LOOP_ANALYSIS = YES;
				CLANG_WARN_STRICT_PROTOTYPES = YES;
				CLANG_WARN_SUSPICIOUS_MOVE = YES;
				CLANG_WARN_UNGUARDED_AVAILABILITY = YES_AGGRESSIVE;
				CLANG_WARN_UNREACHABLE_CODE = YES;
				CLANG_WARN__DUPLICATE_METHOD_MATCH = YES;
				CODE_SIGN_IDENTITY = "iPhone Developer";
				COPY_PHASE_STRIP = NO;
				DEBUG_INFORMATION_FORMAT = "dwarf-with-dsym";
				ENABLE_NS_ASSERTIONS = NO;
				ENABLE_STRICT_OBJC_MSGSEND = YES;
				GCC_C_LANGUAGE_STANDARD = gnu11;
				GCC_NO_COMMON_BLOCKS = YES;
				GCC_WARN_64_TO_32_BIT_CONVERSION = YES;
				GCC_WARN_ABOUT_RETURN_TYPE = YES_ERROR;
				GCC_WARN_UNDECLARED_SELECTOR = YES;
				GCC_WARN_UNINITIALIZED_AUTOS = YES_AGGRESSIVE;
				GCC_WARN_UNUSED_FUNCTION = YES;
				GCC_WARN_UNUSED_VARIABLE = YES;
				IPHONEOS_DEPLOYMENT_TARGET = 11.3;
				MTL_ENABLE_DEBUG_INFO = NO;
				SDKROOT = iphoneos;
				SWIFT_COMPILATION_MODE = wholemodule;
				SWIFT_OPTIMIZATION_LEVEL = "-O";
				VALIDATE_PRODUCT = YES;
			};
			name = Release;
		};
		2C947BCB2090A53400D8510C /* Debug */ = {
			isa = XCBuildConfiguration;
			baseConfigurationReference = 731E5FBD308444384E4782E8 /* Pods-CoreMLVision.debug.xcconfig */;
			buildSettings = {
				ASSETCATALOG_COMPILER_APPICON_NAME = AppIcon;
				CODE_SIGN_STYLE = Automatic;
				INFOPLIST_FILE = CoreMLVision/Info.plist;
				LD_RUNPATH_SEARCH_PATHS = "$(inherited) @executable_path/Frameworks";
				PRODUCT_BUNDLE_IDENTIFIER = Pushp.CoreMLVision;
				PRODUCT_NAME = "$(TARGET_NAME)";
				SWIFT_VERSION = 4.0;
				TARGETED_DEVICE_FAMILY = "1,2";
			};
			name = Debug;
		};
		2C947BCC2090A53400D8510C /* Release */ = {
			isa = XCBuildConfiguration;
			baseConfigurationReference = C35E805E20FBBD217E693D2F /* Pods-CoreMLVision.release.xcconfig */;
			buildSettings = {
				ASSETCATALOG_COMPILER_APPICON_NAME = AppIcon;
				CODE_SIGN_STYLE = Automatic;
				INFOPLIST_FILE = CoreMLVision/Info.plist;
				LD_RUNPATH_SEARCH_PATHS = "$(inherited) @executable_path/Frameworks";
				PRODUCT_BUNDLE_IDENTIFIER = Pushp.CoreMLVision;
				PRODUCT_NAME = "$(TARGET_NAME)";
				SWIFT_VERSION = 4.0;
				TARGETED_DEVICE_FAMILY = "1,2";
			};
			name = Release;
		};
/* End XCBuildConfiguration section */

/* Begin XCConfigurationList section */
		2C947BB32090A53300D8510C /* Build configuration list for PBXProject "CoreMLVision" */ = {
			isa = XCConfigurationList;
			buildConfigurations = (
				2C947BC82090A53400D8510C /* Debug */,
				2C947BC92090A53400D8510C /* Release */,
			);
			defaultConfigurationIsVisible = 0;
			defaultConfigurationName = Release;
		};
		2C947BCA2090A53400D8510C /* Build configuration list for PBXNativeTarget "CoreMLVision" */ = {
			isa = XCConfigurationList;
			buildConfigurations = (
				2C947BCB2090A53400D8510C /* Debug */,
				2C947BCC2090A53400D8510C /* Release */,
			);
			defaultConfigurationIsVisible = 0;
			defaultConfigurationName = Release;
		};
/* End XCConfigurationList section */
	};
	rootObject = 2C947BB02090A53300D8510C /* Project object */;
}
